// !$*UTF8*$!
{
	archiveVersion = 1;
	classes = {
	};
	objectVersion = 55;
	objects = {

/* Begin PBXBuildFile section */
		E80ADD6E275CD9E400F46327 /* AppDelegate.m in Sources */ = {isa = PBXBuildFile; fileRef = E80ADD6D275CD9E400F46327 /* AppDelegate.m */; };
		E80ADD71275CD9E400F46327 /* SceneDelegate.m in Sources */ = {isa = PBXBuildFile; fileRef = E80ADD70275CD9E400F46327 /* SceneDelegate.m */; };
		E80ADD74275CD9E400F46327 /* ViewController.m in Sources */ = {isa = PBXBuildFile; fileRef = E80ADD73275CD9E400F46327 /* ViewController.m */; };
		E80ADD77275CD9E400F46327 /* Main.storyboard in Resources */ = {isa = PBXBuildFile; fileRef = E80ADD75275CD9E400F46327 /* Main.storyboard */; };
		E80ADD7A275CD9E400F46327 /* Movies.xcdatamodeld in Sources */ = {isa = PBXBuildFile; fileRef = E80ADD78275CD9E400F46327 /* Movies.xcdatamodeld */; };
		E80ADD7C275CD9E600F46327 /* Assets.xcassets in Resources */ = {isa = PBXBuildFile; fileRef = E80ADD7B275CD9E600F46327 /* Assets.xcassets */; };
		E80ADD7F275CD9E600F46327 /* LaunchScreen.storyboard in Resources */ = {isa = PBXBuildFile; fileRef = E80ADD7D275CD9E600F46327 /* LaunchScreen.storyboard */; };
		E80ADD82275CD9E600F46327 /* main.m in Sources */ = {isa = PBXBuildFile; fileRef = E80ADD81275CD9E600F46327 /* main.m */; };
		E80ADD8C275CD9E600F46327 /* MoviesTests.m in Sources */ = {isa = PBXBuildFile; fileRef = E80ADD8B275CD9E600F46327 /* MoviesTests.m */; };
		E80ADD96275CD9E600F46327 /* MoviesUITests.m in Sources */ = {isa = PBXBuildFile; fileRef = E80ADD95275CD9E600F46327 /* MoviesUITests.m */; };
		E80ADD98275CD9E600F46327 /* MoviesUITestsLaunchTests.m in Sources */ = {isa = PBXBuildFile; fileRef = E80ADD97275CD9E600F46327 /* MoviesUITestsLaunchTests.m */; };
/* End PBXBuildFile section */

/* Begin PBXContainerItemProxy section */
		E80ADD88275CD9E600F46327 /* PBXContainerItemProxy */ = {
			isa = PBXContainerItemProxy;
			containerPortal = E80ADD61275CD9E400F46327 /* Project object */;
			proxyType = 1;
			remoteGlobalIDString = E80ADD68275CD9E400F46327;
			remoteInfo = Movies;
		};
		E80ADD92275CD9E600F46327 /* PBXContainerItemProxy */ = {
			isa = PBXContainerItemProxy;
			containerPortal = E80ADD61275CD9E400F46327 /* Project object */;
			proxyType = 1;
			remoteGlobalIDString = E80ADD68275CD9E400F46327;
			remoteInfo = Movies;
		};
/* End PBXContainerItemProxy section */

/* Begin PBXFileReference section */
		E80ADD69275CD9E400F46327 /* Movies.app */ = {isa = PBXFileReference; explicitFileType = wrapper.application; includeInIndex = 0; path = Movies.app; sourceTree = BUILT_PRODUCTS_DIR; };
		E80ADD6C275CD9E400F46327 /* AppDelegate.h */ = {isa = PBXFileReference; lastKnownFileType = sourcecode.c.h; path = AppDelegate.h; sourceTree = "<group>"; };
		E80ADD6D275CD9E400F46327 /* AppDelegate.m */ = {isa = PBXFileReference; lastKnownFileType = sourcecode.c.objc; path = AppDelegate.m; sourceTree = "<group>"; };
		E80ADD6F275CD9E400F46327 /* SceneDelegate.h */ = {isa = PBXFileReference; lastKnownFileType = sourcecode.c.h; path = SceneDelegate.h; sourceTree = "<group>"; };
		E80ADD70275CD9E400F46327 /* SceneDelegate.m */ = {isa = PBXFileReference; lastKnownFileType = sourcecode.c.objc; path = SceneDelegate.m; sourceTree = "<group>"; };
		E80ADD72275CD9E400F46327 /* ViewController.h */ = {isa = PBXFileReference; lastKnownFileType = sourcecode.c.h; path = ViewController.h; sourceTree = "<group>"; };
		E80ADD73275CD9E400F46327 /* ViewController.m */ = {isa = PBXFileReference; lastKnownFileType = sourcecode.c.objc; path = ViewController.m; sourceTree = "<group>"; };
		E80ADD76275CD9E400F46327 /* Base */ = {isa = PBXFileReference; lastKnownFileType = file.storyboard; name = Base; path = Base.lproj/Main.storyboard; sourceTree = "<group>"; };
		E80ADD79275CD9E400F46327 /* Movies.xcdatamodel */ = {isa = PBXFileReference; lastKnownFileType = wrapper.xcdatamodel; path = Movies.xcdatamodel; sourceTree = "<group>"; };
		E80ADD7B275CD9E600F46327 /* Assets.xcassets */ = {isa = PBXFileReference; lastKnownFileType = folder.assetcatalog; path = Assets.xcassets; sourceTree = "<group>"; };
		E80ADD7E275CD9E600F46327 /* Base */ = {isa = PBXFileReference; lastKnownFileType = file.storyboard; name = Base; path = Base.lproj/LaunchScreen.storyboard; sourceTree = "<group>"; };
		E80ADD80275CD9E600F46327 /* Info.plist */ = {isa = PBXFileReference; lastKnownFileType = text.plist.xml; path = Info.plist; sourceTree = "<group>"; };
		E80ADD81275CD9E600F46327 /* main.m */ = {isa = PBXFileReference; lastKnownFileType = sourcecode.c.objc; path = main.m; sourceTree = "<group>"; };
		E80ADD87275CD9E600F46327 /* MoviesTests.xctest */ = {isa = PBXFileReference; explicitFileType = wrapper.cfbundle; includeInIndex = 0; path = MoviesTests.xctest; sourceTree = BUILT_PRODUCTS_DIR; };
		E80ADD8B275CD9E600F46327 /* MoviesTests.m */ = {isa = PBXFileReference; lastKnownFileType = sourcecode.c.objc; path = MoviesTests.m; sourceTree = "<group>"; };
		E80ADD91275CD9E600F46327 /* MoviesUITests.xctest */ = {isa = PBXFileReference; explicitFileType = wrapper.cfbundle; includeInIndex = 0; path = MoviesUITests.xctest; sourceTree = BUILT_PRODUCTS_DIR; };
		E80ADD95275CD9E600F46327 /* MoviesUITests.m */ = {isa = PBXFileReference; lastKnownFileType = sourcecode.c.objc; path = MoviesUITests.m; sourceTree = "<group>"; };
		E80ADD97275CD9E600F46327 /* MoviesUITestsLaunchTests.m */ = {isa = PBXFileReference; lastKnownFileType = sourcecode.c.objc; path = MoviesUITestsLaunchTests.m; sourceTree = "<group>"; };
/* End PBXFileReference section */

/* Begin PBXFrameworksBuildPhase section */
		E80ADD66275CD9E400F46327 /* Frameworks */ = {
			isa = PBXFrameworksBuildPhase;
			buildActionMask = 2147483647;
			files = (
			);
			runOnlyForDeploymentPostprocessing = 0;
		};
		E80ADD84275CD9E600F46327 /* Frameworks */ = {
			isa = PBXFrameworksBuildPhase;
			buildActionMask = 2147483647;
			files = (
			);
			runOnlyForDeploymentPostprocessing = 0;
		};
		E80ADD8E275CD9E600F46327 /* Frameworks */ = {
			isa = PBXFrameworksBuildPhase;
			buildActionMask = 2147483647;
			files = (
			);
			runOnlyForDeploymentPostprocessing = 0;
		};
/* End PBXFrameworksBuildPhase section */

/* Begin PBXGroup section */
		E80ADD60275CD9E400F46327 = {
			isa = PBXGroup;
			children = (
				E80ADD6B275CD9E400F46327 /* Movies */,
				E80ADD8A275CD9E600F46327 /* MoviesTests */,
				E80ADD94275CD9E600F46327 /* MoviesUITests */,
				E80ADD6A275CD9E400F46327 /* Products */,
			);
			sourceTree = "<group>";
		};
		E80ADD6A275CD9E400F46327 /* Products */ = {
			isa = PBXGroup;
			children = (
				E80ADD69275CD9E400F46327 /* Movies.app */,
				E80ADD87275CD9E600F46327 /* MoviesTests.xctest */,
				E80ADD91275CD9E600F46327 /* MoviesUITests.xctest */,
			);
			name = Products;
			sourceTree = "<group>";
		};
		E80ADD6B275CD9E400F46327 /* Movies */ = {
			isa = PBXGroup;
			children = (
				E80ADD6C275CD9E400F46327 /* AppDelegate.h */,
				E80ADD6D275CD9E400F46327 /* AppDelegate.m */,
				E80ADD6F275CD9E400F46327 /* SceneDelegate.h */,
				E80ADD70275CD9E400F46327 /* SceneDelegate.m */,
				E80ADD72275CD9E400F46327 /* ViewController.h */,
				E80ADD73275CD9E400F46327 /* ViewController.m */,
				E80ADD75275CD9E400F46327 /* Main.storyboard */,
				E80ADD7B275CD9E600F46327 /* Assets.xcassets */,
				E80ADD7D275CD9E600F46327 /* LaunchScreen.storyboard */,
				E80ADD80275CD9E600F46327 /* Info.plist */,
				E80ADD81275CD9E600F46327 /* main.m */,
				E80ADD78275CD9E400F46327 /* Movies.xcdatamodeld */,
			);
			path = Movies;
			sourceTree = "<group>";
		};
		E80ADD8A275CD9E600F46327 /* MoviesTests */ = {
			isa = PBXGroup;
			children = (
				E80ADD8B275CD9E600F46327 /* MoviesTests.m */,
			);
			path = MoviesTests;
			sourceTree = "<group>";
		};
		E80ADD94275CD9E600F46327 /* MoviesUITests */ = {
			isa = PBXGroup;
			children = (
				E80ADD95275CD9E600F46327 /* MoviesUITests.m */,
				E80ADD97275CD9E600F46327 /* MoviesUITestsLaunchTests.m */,
			);
			path = MoviesUITests;
			sourceTree = "<group>";
		};
/* End PBXGroup section */

/* Begin PBXNativeTarget section */
		E80ADD68275CD9E400F46327 /* Movies */ = {
			isa = PBXNativeTarget;
			buildConfigurationList = E80ADD9B275CD9E600F46327 /* Build configuration list for PBXNativeTarget "Movies" */;
			buildPhases = (
				E80ADD65275CD9E400F46327 /* Sources */,
				E80ADD66275CD9E400F46327 /* Frameworks */,
				E80ADD67275CD9E400F46327 /* Resources */,
			);
			buildRules = (
			);
			dependencies = (
			);
			name = Movies;
			productName = Movies;
			productReference = E80ADD69275CD9E400F46327 /* Movies.app */;
			productType = "com.apple.product-type.application";
		};
		E80ADD86275CD9E600F46327 /* MoviesTests */ = {
			isa = PBXNativeTarget;
			buildConfigurationList = E80ADD9E275CD9E600F46327 /* Build configuration list for PBXNativeTarget "MoviesTests" */;
			buildPhases = (
				E80ADD83275CD9E600F46327 /* Sources */,
				E80ADD84275CD9E600F46327 /* Frameworks */,
				E80ADD85275CD9E600F46327 /* Resources */,
			);
			buildRules = (
			);
			dependencies = (
				E80ADD89275CD9E600F46327 /* PBXTargetDependency */,
			);
			name = MoviesTests;
			productName = MoviesTests;
			productReference = E80ADD87275CD9E600F46327 /* MoviesTests.xctest */;
			productType = "com.apple.product-type.bundle.unit-test";
		};
		E80ADD90275CD9E600F46327 /* MoviesUITests */ = {
			isa = PBXNativeTarget;
			buildConfigurationList = E80ADDA1275CD9E600F46327 /* Build configuration list for PBXNativeTarget "MoviesUITests" */;
			buildPhases = (
				E80ADD8D275CD9E600F46327 /* Sources */,
				E80ADD8E275CD9E600F46327 /* Frameworks */,
				E80ADD8F275CD9E600F46327 /* Resources */,
			);
			buildRules = (
			);
			dependencies = (
				E80ADD93275CD9E600F46327 /* PBXTargetDependency */,
			);
			name = MoviesUITests;
			productName = MoviesUITests;
			productReference = E80ADD91275CD9E600F46327 /* MoviesUITests.xctest */;
			productType = "com.apple.product-type.bundle.ui-testing";
		};
/* End PBXNativeTarget section */

/* Begin PBXProject section */
		E80ADD61275CD9E400F46327 /* Project object */ = {
			isa = PBXProject;
			attributes = {
				BuildIndependentTargetsInParallel = 1;
				LastUpgradeCheck = 1300;
				TargetAttributes = {
					E80ADD68275CD9E400F46327 = {
						CreatedOnToolsVersion = 13.0;
					};
					E80ADD86275CD9E600F46327 = {
						CreatedOnToolsVersion = 13.0;
						TestTargetID = E80ADD68275CD9E400F46327;
					};
					E80ADD90275CD9E600F46327 = {
						CreatedOnToolsVersion = 13.0;
						TestTargetID = E80ADD68275CD9E400F46327;
					};
				};
			};
			buildConfigurationList = E80ADD64275CD9E400F46327 /* Build configuration list for PBXProject "Movies" */;
			compatibilityVersion = "Xcode 13.0";
			developmentRegion = en;
			hasScannedForEncodings = 0;
			knownRegions = (
				en,
				Base,
			);
			mainGroup = E80ADD60275CD9E400F46327;
			productRefGroup = E80ADD6A275CD9E400F46327 /* Products */;
			projectDirPath = "";
			projectRoot = "";
			targets = (
				E80ADD68275CD9E400F46327 /* Movies */,
				E80ADD86275CD9E600F46327 /* MoviesTests */,
				E80ADD90275CD9E600F46327 /* MoviesUITests */,
			);
		};
/* End PBXProject section */

/* Begin PBXResourcesBuildPhase section */
		E80ADD67275CD9E400F46327 /* Resources */ = {
			isa = PBXResourcesBuildPhase;
			buildActionMask = 2147483647;
			files = (
				E80ADD7F275CD9E600F46327 /* LaunchScreen.storyboard in Resources */,
				E80ADD7C275CD9E600F46327 /* Assets.xcassets in Resources */,
				E80ADD77275CD9E400F46327 /* Main.storyboard in Resources */,
			);
			runOnlyForDeploymentPostprocessing = 0;
		};
		E80ADD85275CD9E600F46327 /* Resources */ = {
			isa = PBXResourcesBuildPhase;
			buildActionMask = 2147483647;
			files = (
			);
			runOnlyForDeploymentPostprocessing = 0;
		};
		E80ADD8F275CD9E600F46327 /* Resources */ = {
			isa = PBXResourcesBuildPhase;
			buildActionMask = 2147483647;
			files = (
			);
			runOnlyForDeploymentPostprocessing = 0;
		};
/* End PBXResourcesBuildPhase section */

/* Begin PBXSourcesBuildPhase section */
		E80ADD65275CD9E400F46327 /* Sources */ = {
			isa = PBXSourcesBuildPhase;
			buildActionMask = 2147483647;
			files = (
				E80ADD82275CD9E600F46327 /* main.m in Sources */,
				E80ADD74275CD9E400F46327 /* ViewController.m in Sources */,
				E80ADD6E275CD9E400F46327 /* AppDelegate.m in Sources */,
				E80ADD7A275CD9E400F46327 /* Movies.xcdatamodeld in Sources */,
				E80ADD71275CD9E400F46327 /* SceneDelegate.m in Sources */,
			);
			runOnlyForDeploymentPostprocessing = 0;
		};
		E80ADD83275CD9E600F46327 /* Sources */ = {
			isa = PBXSourcesBuildPhase;
			buildActionMask = 2147483647;
			files = (
				E80ADD8C275CD9E600F46327 /* MoviesTests.m in Sources */,
			);
			runOnlyForDeploymentPostprocessing = 0;
		};
		E80ADD8D275CD9E600F46327 /* Sources */ = {
			isa = PBXSourcesBuildPhase;
			buildActionMask = 2147483647;
			files = (
				E80ADD96275CD9E600F46327 /* MoviesUITests.m in Sources */,
				E80ADD98275CD9E600F46327 /* MoviesUITestsLaunchTests.m in Sources */,
			);
			runOnlyForDeploymentPostprocessing = 0;
		};
/* End PBXSourcesBuildPhase section */

/* Begin PBXTargetDependency section */
		E80ADD89275CD9E600F46327 /* PBXTargetDependency */ = {
			isa = PBXTargetDependency;
			target = E80ADD68275CD9E400F46327 /* Movies */;
			targetProxy = E80ADD88275CD9E600F46327 /* PBXContainerItemProxy */;
		};
		E80ADD93275CD9E600F46327 /* PBXTargetDependency */ = {
			isa = PBXTargetDependency;
			target = E80ADD68275CD9E400F46327 /* Movies */;
			targetProxy = E80ADD92275CD9E600F46327 /* PBXContainerItemProxy */;
		};
/* End PBXTargetDependency section */

/* Begin PBXVariantGroup section */
		E80ADD75275CD9E400F46327 /* Main.storyboard */ = {
			isa = PBXVariantGroup;
			children = (
				E80ADD76275CD9E400F46327 /* Base */,
			);
			name = Main.storyboard;
			sourceTree = "<group>";
		};
		E80ADD7D275CD9E600F46327 /* LaunchScreen.storyboard */ = {
			isa = PBXVariantGroup;
			children = (
				E80ADD7E275CD9E600F46327 /* Base */,
			);
			name = LaunchScreen.storyboard;
			sourceTree = "<group>";
		};
/* End PBXVariantGroup section */

/* Begin XCBuildConfiguration section */
		E80ADD99275CD9E600F46327 /* Debug */ = {
			isa = XCBuildConfiguration;
			buildSettings = {
				ALWAYS_SEARCH_USER_PATHS = NO;
				CLANG_ANALYZER_NONNULL = YES;
				CLANG_ANALYZER_NUMBER_OBJECT_CONVERSION = YES_AGGRESSIVE;
				CLANG_CXX_LANGUAGE_STANDARD = "gnu++17";
				CLANG_CXX_LIBRARY = "libc++";
				CLANG_ENABLE_MODULES = YES;
				CLANG_ENABLE_OBJC_ARC = YES;
				CLANG_ENABLE_OBJC_WEAK = YES;
				CLANG_WARN_BLOCK_CAPTURE_AUTORELEASING = YES;
				CLANG_WARN_BOOL_CONVERSION = YES;
				CLANG_WARN_COMMA = YES;
				CLANG_WARN_CONSTANT_CONVERSION = YES;
				CLANG_WARN_DEPRECATED_OBJC_IMPLEMENTATIONS = YES;
				CLANG_WARN_DIRECT_OBJC_ISA_USAGE = YES_ERROR;
				CLANG_WARN_DOCUMENTATION_COMMENTS = YES;
				CLANG_WARN_EMPTY_BODY = YES;
				CLANG_WARN_ENUM_CONVERSION = YES;
				CLANG_WARN_INFINITE_RECURSION = YES;
				CLANG_WARN_INT_CONVERSION = YES;
				CLANG_WARN_NON_LITERAL_NULL_CONVERSION = YES;
				CLANG_WARN_OBJC_IMPLICIT_RETAIN_SELF = YES;
				CLANG_WARN_OBJC_LITERAL_CONVERSION = YES;
				CLANG_WARN_OBJC_ROOT_CLASS = YES_ERROR;
				CLANG_WARN_QUOTED_INCLUDE_IN_FRAMEWORK_HEADER = YES;
				CLANG_WARN_RANGE_LOOP_ANALYSIS = YES;
				CLANG_WARN_STRICT_PROTOTYPES = YES;
				CLANG_WARN_SUSPICIOUS_MOVE = YES;
				CLANG_WARN_UNGUARDED_AVAILABILITY = YES_AGGRESSIVE;
				CLANG_WARN_UNREACHABLE_CODE = YES;
				CLANG_WARN__DUPLICATE_METHOD_MATCH = YES;
				COPY_PHASE_STRIP = NO;
				DEBUG_INFORMATION_FORMAT = dwarf;
				ENABLE_STRICT_OBJC_MSGSEND = YES;
				ENABLE_TESTABILITY = YES;
				GCC_C_LANGUAGE_STANDARD = gnu11;
				GCC_DYNAMIC_NO_PIC = NO;
				GCC_NO_COMMON_BLOCKS = YES;
				GCC_OPTIMIZATION_LEVEL = 0;
				GCC_PREPROCESSOR_DEFINITIONS = (
					"DEBUG=1",
					"$(inherited)",
				);
				GCC_WARN_64_TO_32_BIT_CONVERSION = YES;
				GCC_WARN_ABOUT_RETURN_TYPE = YES_ERROR;
				GCC_WARN_UNDECLARED_SELECTOR = YES;
				GCC_WARN_UNINITIALIZED_AUTOS = YES_AGGRESSIVE;
				GCC_WARN_UNUSED_FUNCTION = YES;
				GCC_WARN_UNUSED_VARIABLE = YES;
				IPHONEOS_DEPLOYMENT_TARGET = 15.0;
				MTL_ENABLE_DEBUG_INFO = INCLUDE_SOURCE;
				MTL_FAST_MATH = YES;
				ONLY_ACTIVE_ARCH = YES;
				SDKROOT = iphoneos;
			};
			name = Debug;
		};
		E80ADD9A275CD9E600F46327 /* Release */ = {
			isa = XCBuildConfiguration;
			buildSettings = {
				ALWAYS_SEARCH_USER_PATHS = NO;
				CLANG_ANALYZER_NONNULL = YES;
				CLANG_ANALYZER_NUMBER_OBJECT_CONVERSION = YES_AGGRESSIVE;
				CLANG_CXX_LANGUAGE_STANDARD = "gnu++17";
				CLANG_CXX_LIBRARY = "libc++";
				CLANG_ENABLE_MODULES = YES;
				CLANG_ENABLE_OBJC_ARC = YES;
				CLANG_ENABLE_OBJC_WEAK = YES;
				CLANG_WARN_BLOCK_CAPTURE_AUTORELEASING = YES;
				CLANG_WARN_BOOL_CONVERSION = YES;
				CLANG_WARN_COMMA = YES;
				CLANG_WARN_CONSTANT_CONVERSION = YES;
				CLANG_WARN_DEPRECATED_OBJC_IMPLEMENTATIONS = YES;
				CLANG_WARN_DIRECT_OBJC_ISA_USAGE = YES_ERROR;
				CLANG_WARN_DOCUMENTATION_COMMENTS = YES;
				CLANG_WARN_EMPTY_BODY = YES;
				CLANG_WARN_ENUM_CONVERSION = YES;
				CLANG_WARN_INFINITE_RECURSION = YES;
				CLANG_WARN_INT_CONVERSION = YES;
				CLANG_WARN_NON_LITERAL_NULL_CONVERSION = YES;
				CLANG_WARN_OBJC_IMPLICIT_RETAIN_SELF = YES;
				CLANG_WARN_OBJC_LITERAL_CONVERSION = YES;
				CLANG_WARN_OBJC_ROOT_CLASS = YES_ERROR;
				CLANG_WARN_QUOTED_INCLUDE_IN_FRAMEWORK_HEADER = YES;
				CLANG_WARN_RANGE_LOOP_ANALYSIS = YES;
				CLANG_WARN_STRICT_PROTOTYPES = YES;
				CLANG_WARN_SUSPICIOUS_MOVE = YES;
				CLANG_WARN_UNGUARDED_AVAILABILITY = YES_AGGRESSIVE;
				CLANG_WARN_UNREACHABLE_CODE = YES;
				CLANG_WARN__DUPLICATE_METHOD_MATCH = YES;
				COPY_PHASE_STRIP = NO;
				DEBUG_INFORMATION_FORMAT = "dwarf-with-dsym";
				ENABLE_NS_ASSERTIONS = NO;
				ENABLE_STRICT_OBJC_MSGSEND = YES;
				GCC_C_LANGUAGE_STANDARD = gnu11;
				GCC_NO_COMMON_BLOCKS = YES;
				GCC_WARN_64_TO_32_BIT_CONVERSION = YES;
				GCC_WARN_ABOUT_RETURN_TYPE = YES_ERROR;
				GCC_WARN_UNDECLARED_SELECTOR = YES;
				GCC_WARN_UNINITIALIZED_AUTOS = YES_AGGRESSIVE;
				GCC_WARN_UNUSED_FUNCTION = YES;
				GCC_WARN_UNUSED_VARIABLE = YES;
				IPHONEOS_DEPLOYMENT_TARGET = 15.0;
				MTL_ENABLE_DEBUG_INFO = NO;
				MTL_FAST_MATH = YES;
				SDKROOT = iphoneos;
				VALIDATE_PRODUCT = YES;
			};
			name = Release;
		};
		E80ADD9C275CD9E600F46327 /* Debug */ = {
			isa = XCBuildConfiguration;
			buildSettings = {
				ASSETCATALOG_COMPILER_APPICON_NAME = AppIcon;
				ASSETCATALOG_COMPILER_GLOBAL_ACCENT_COLOR_NAME = AccentColor;
				CODE_SIGN_STYLE = Automatic;
				CURRENT_PROJECT_VERSION = 1;
				GENERATE_INFOPLIST_FILE = YES;
				INFOPLIST_FILE = Movies/Info.plist;
				INFOPLIST_KEY_UIApplicationSupportsIndirectInputEvents = YES;
				INFOPLIST_KEY_UILaunchStoryboardName = LaunchScreen;
				INFOPLIST_KEY_UIMainStoryboardFile = Main;
				INFOPLIST_KEY_UISupportedInterfaceOrientations_iPad = "UIInterfaceOrientationPortrait UIInterfaceOrientationPortraitUpsideDown UIInterfaceOrientationLandscapeLeft UIInterfaceOrientationLandscapeRight";
				INFOPLIST_KEY_UISupportedInterfaceOrientations_iPhone = "UIInterfaceOrientationPortrait UIInterfaceOrientationLandscapeLeft UIInterfaceOrientationLandscapeRight";
				LD_RUNPATH_SEARCH_PATHS = (
					"$(inherited)",
					"@executable_path/Frameworks",
				);
				MARKETING_VERSION = 1.0;
				PRODUCT_BUNDLE_IDENTIFIER = net.inmanage.Movies;
				PRODUCT_NAME = "$(TARGET_NAME)";
				SWIFT_EMIT_LOC_STRINGS = YES;
				TARGETED_DEVICE_FAMILY = "1,2";
			};
			name = Debug;
		};
		E80ADD9D275CD9E600F46327 /* Release */ = {
			isa = XCBuildConfiguration;
			buildSettings = {
				ASSETCATALOG_COMPILER_APPICON_NAME = AppIcon;
				ASSETCATALOG_COMPILER_GLOBAL_ACCENT_COLOR_NAME = AccentColor;
				CODE_SIGN_STYLE = Automatic;
				CURRENT_PROJECT_VERSION = 1;
				GENERATE_INFOPLIST_FILE = YES;
				INFOPLIST_FILE = Movies/Info.plist;
				INFOPLIST_KEY_UIApplicationSupportsIndirectInputEvents = YES;
				INFOPLIST_KEY_UILaunchStoryboardName = LaunchScreen;
				INFOPLIST_KEY_UIMainStoryboardFile = Main;
				INFOPLIST_KEY_UISupportedInterfaceOrientations_iPad = "UIInterfaceOrientationPortrait UIInterfaceOrientationPortraitUpsideDown UIInterfaceOrientationLandscapeLeft UIInterfaceOrientationLandscapeRight";
				INFOPLIST_KEY_UISupportedInterfaceOrientations_iPhone = "UIInterfaceOrientationPortrait UIInterfaceOrientationLandscapeLeft UIInterfaceOrientationLandscapeRight";
				LD_RUNPATH_SEARCH_PATHS = (
					"$(inherited)",
					"@executable_path/Frameworks",
				);
				MARKETING_VERSION = 1.0;
				PRODUCT_BUNDLE_IDENTIFIER = net.inmanage.Movies;
				PRODUCT_NAME = "$(TARGET_NAME)";
				SWIFT_EMIT_LOC_STRINGS = YES;
				TARGETED_DEVICE_FAMILY = "1,2";
			};
			name = Release;
		};
		E80ADD9F275CD9E600F46327 /* Debug */ = {
			isa = XCBuildConfiguration;
			buildSettings = {
				BUNDLE_LOADER = "$(TEST_HOST)";
				CODE_SIGN_STYLE = Automatic;
				CURRENT_PROJECT_VERSION = 1;
				GENERATE_INFOPLIST_FILE = YES;
				IPHONEOS_DEPLOYMENT_TARGET = 15.0;
				LD_RUNPATH_SEARCH_PATHS = (
					"$(inherited)",
					"@executable_path/Frameworks",
					"@loader_path/Frameworks",
				);
				MARKETING_VERSION = 1.0;
				PRODUCT_BUNDLE_IDENTIFIER = net.inmanage.MoviesTests;
				PRODUCT_NAME = "$(TARGET_NAME)";
				SWIFT_EMIT_LOC_STRINGS = NO;
				TARGETED_DEVICE_FAMILY = "1,2";
				TEST_HOST = "$(BUILT_PRODUCTS_DIR)/Movies.app/Movies";
			};
			name = Debug;
		};
		E80ADDA0275CD9E600F46327 /* Release */ = {
			isa = XCBuildConfiguration;
			buildSettings = {
				BUNDLE_LOADER = "$(TEST_HOST)";
				CODE_SIGN_STYLE = Automatic;
				CURRENT_PROJECT_VERSION = 1;
				GENERATE_INFOPLIST_FILE = YES;
				IPHONEOS_DEPLOYMENT_TARGET = 15.0;
				LD_RUNPATH_SEARCH_PATHS = (
					"$(inherited)",
					"@executable_path/Frameworks",
					"@loader_path/Frameworks",
				);
				MARKETING_VERSION = 1.0;
				PRODUCT_BUNDLE_IDENTIFIER = net.inmanage.MoviesTests;
				PRODUCT_NAME = "$(TARGET_NAME)";
				SWIFT_EMIT_LOC_STRINGS = NO;
				TARGETED_DEVICE_FAMILY = "1,2";
				TEST_HOST = "$(BUILT_PRODUCTS_DIR)/Movies.app/Movies";
			};
			name = Release;
		};
		E80ADDA2275CD9E600F46327 /* Debug */ = {
			isa = XCBuildConfiguration;
			buildSettings = {
				CODE_SIGN_STYLE = Automatic;
				CURRENT_PROJECT_VERSION = 1;
				GENERATE_INFOPLIST_FILE = YES;
				LD_RUNPATH_SEARCH_PATHS = (
					"$(inherited)",
					"@executable_path/Frameworks",
					"@loader_path/Frameworks",
				);
				MARKETING_VERSION = 1.0;
				PRODUCT_BUNDLE_IDENTIFIER = net.inmanage.MoviesUITests;
				PRODUCT_NAME = "$(TARGET_NAME)";
				SWIFT_EMIT_LOC_STRINGS = NO;
				TARGETED_DEVICE_FAMILY = "1,2";
				TEST_TARGET_NAME = Movies;
			};
			name = Debug;
		};
		E80ADDA3275CD9E600F46327 /* Release */ = {
			isa = XCBuildConfiguration;
			buildSettings = {
				CODE_SIGN_STYLE = Automatic;
				CURRENT_PROJECT_VERSION = 1;
				GENERATE_INFOPLIST_FILE = YES;
				LD_RUNPATH_SEARCH_PATHS = (
					"$(inherited)",
					"@executable_path/Frameworks",
					"@loader_path/Frameworks",
				);
				MARKETING_VERSION = 1.0;
				PRODUCT_BUNDLE_IDENTIFIER = net.inmanage.MoviesUITests;
				PRODUCT_NAME = "$(TARGET_NAME)";
				SWIFT_EMIT_LOC_STRINGS = NO;
				TARGETED_DEVICE_FAMILY = "1,2";
				TEST_TARGET_NAME = Movies;
			};
			name = Release;
		};
/* End XCBuildConfiguration section */

/* Begin XCConfigurationList section */
		E80ADD64275CD9E400F46327 /* Build configuration list for PBXProject "Movies" */ = {
			isa = XCConfigurationList;
			buildConfigurations = (
				E80ADD99275CD9E600F46327 /* Debug */,
				E80ADD9A275CD9E600F46327 /* Release */,
			);
			defaultConfigurationIsVisible = 0;
			defaultConfigurationName = Release;
		};
		E80ADD9B275CD9E600F46327 /* Build configuration list for PBXNativeTarget "Movies" */ = {
			isa = XCConfigurationList;
			buildConfigurations = (
				E80ADD9C275CD9E600F46327 /* Debug */,
				E80ADD9D275CD9E600F46327 /* Release */,
			);
			defaultConfigurationIsVisible = 0;
			defaultConfigurationName = Release;
		};
		E80ADD9E275CD9E600F46327 /* Build configuration list for PBXNativeTarget "MoviesTests" */ = {
			isa = XCConfigurationList;
			buildConfigurations = (
				E80ADD9F275CD9E600F46327 /* Debug */,
				E80ADDA0275CD9E600F46327 /* Release */,
			);
			defaultConfigurationIsVisible = 0;
			defaultConfigurationName = Release;
		};
		E80ADDA1275CD9E600F46327 /* Build configuration list for PBXNativeTarget "MoviesUITests" */ = {
			isa = XCConfigurationList;
			buildConfigurations = (
				E80ADDA2275CD9E600F46327 /* Debug */,
				E80ADDA3275CD9E600F46327 /* Release */,
			);
			defaultConfigurationIsVisible = 0;
			defaultConfigurationName = Release;
		};
/* End XCConfigurationList section */

/* Begin XCVersionGroup section */
		E80ADD78275CD9E400F46327 /* Movies.xcdatamodeld */ = {
			isa = XCVersionGroup;
			children = (
				E80ADD79275CD9E400F46327 /* Movies.xcdatamodel */,
			);
			currentVersion = E80ADD79275CD9E400F46327 /* Movies.xcdatamodel */;
			path = Movies.xcdatamodeld;
			sourceTree = "<group>";
			versionGroupType = wrapper.xcdatamodel;
		};
/* End XCVersionGroup section */
	};
	rootObject = E80ADD61275CD9E400F46327 /* Project object */;
}
